// !$*UTF8*$!
{
	archiveVersion = 1;
	classes = {
	};
	objectVersion = 46;
	objects = {

/* Begin PBXBuildFile section */
		78ED915B1D90CCD000AA62DB /* main.m in Sources */ = {isa = PBXBuildFile; fileRef = 78ED915A1D90CCD000AA62DB /* main.m */; };
		78ED915E1D90CCD000AA62DB /* AppDelegate.m in Sources */ = {isa = PBXBuildFile; fileRef = 78ED915D1D90CCD000AA62DB /* AppDelegate.m */; };
		78ED91661D90CCD000AA62DB /* placeholderArt in Resources */ = {isa = PBXBuildFile; fileRef = 78ED91651D90CCD000AA62DB /* placeholderArt */; };
		78ED91721D90D05B00AA62DB /* XFYTVGoAPI.m in Sources */ = {isa = PBXBuildFile; fileRef = 78ED91711D90D05B00AA62DB /* XFYTVGoAPI.m */; };
		78ED91751D90D48200AA62DB /* XFYTVGoTableViewController.m in Sources */ = {isa = PBXBuildFile; fileRef = 78ED91741D90D48200AA62DB /* XFYTVGoTableViewController.m */; };
		78ED91771D90DA3000AA62DB /* Main.storyboard in Resources */ = {isa = PBXBuildFile; fileRef = 78ED91761D90DA3000AA62DB /* Main.storyboard */; };
		78ED917A1D90EC3700AA62DB /* XFYTVNetwork.m in Sources */ = {isa = PBXBuildFile; fileRef = 78ED91791D90EC3700AA62DB /* XFYTVNetwork.m */; };
		78ED917D1D90F95600AA62DB /* XFYTVShow.m in Sources */ = {isa = PBXBuildFile; fileRef = 78ED917C1D90F95600AA62DB /* XFYTVShow.m */; };
		78ED91801D90FC1700AA62DB /* XFYTVShowEpisode.m in Sources */ = {isa = PBXBuildFile; fileRef = 78ED917F1D90FC1700AA62DB /* XFYTVShowEpisode.m */; };
		78ED91831D919C3A00AA62DB /* XFYTVListingDetailsViewController.m in Sources */ = {isa = PBXBuildFile; fileRef = 78ED91821D919C3A00AA62DB /* XFYTVListingDetailsViewController.m */; };
/* End PBXBuildFile section */

/* Begin PBXFileReference section */
		78ED91561D90CCD000AA62DB /* XfinityTVListings.app */ = {isa = PBXFileReference; explicitFileType = wrapper.application; includeInIndex = 0; path = XfinityTVListings.app; sourceTree = BUILT_PRODUCTS_DIR; };
		78ED915A1D90CCD000AA62DB /* main.m */ = {isa = PBXFileReference; lastKnownFileType = sourcecode.c.objc; path = main.m; sourceTree = "<group>"; };
		78ED915C1D90CCD000AA62DB /* AppDelegate.h */ = {isa = PBXFileReference; lastKnownFileType = sourcecode.c.h; path = AppDelegate.h; sourceTree = "<group>"; };
		78ED915D1D90CCD000AA62DB /* AppDelegate.m */ = {isa = PBXFileReference; lastKnownFileType = sourcecode.c.objc; path = AppDelegate.m; sourceTree = "<group>"; };
		78ED91651D90CCD000AA62DB /* placeholderArt */ = {isa = PBXFileReference; lastKnownFileType = folder; path = placeholderArt; sourceTree = "<group>"; };
		78ED916A1D90CCD000AA62DB /* Info.plist */ = {isa = PBXFileReference; lastKnownFileType = text.plist.xml; path = Info.plist; sourceTree = "<group>"; };
		78ED91701D90D05B00AA62DB /* XFYTVGoAPI.h */ = {isa = PBXFileReference; fileEncoding = 4; lastKnownFileType = sourcecode.c.h; path = XFYTVGoAPI.h; sourceTree = "<group>"; };
		78ED91711D90D05B00AA62DB /* XFYTVGoAPI.m */ = {isa = PBXFileReference; fileEncoding = 4; lastKnownFileType = sourcecode.c.objc; path = XFYTVGoAPI.m; sourceTree = "<group>"; };
		78ED91731D90D48200AA62DB /* XFYTVGoTableViewController.h */ = {isa = PBXFileReference; fileEncoding = 4; lastKnownFileType = sourcecode.c.h; path = XFYTVGoTableViewController.h; sourceTree = "<group>"; };
		78ED91741D90D48200AA62DB /* XFYTVGoTableViewController.m */ = {isa = PBXFileReference; fileEncoding = 4; lastKnownFileType = sourcecode.c.objc; path = XFYTVGoTableViewController.m; sourceTree = "<group>"; };
		78ED91761D90DA3000AA62DB /* Main.storyboard */ = {isa = PBXFileReference; fileEncoding = 4; lastKnownFileType = file.storyboard; path = Main.storyboard; sourceTree = "<group>"; };
		78ED91781D90EC3700AA62DB /* XFYTVNetwork.h */ = {isa = PBXFileReference; fileEncoding = 4; lastKnownFileType = sourcecode.c.h; path = XFYTVNetwork.h; sourceTree = "<group>"; };
		78ED91791D90EC3700AA62DB /* XFYTVNetwork.m */ = {isa = PBXFileReference; fileEncoding = 4; lastKnownFileType = sourcecode.c.objc; path = XFYTVNetwork.m; sourceTree = "<group>"; };
		78ED917B1D90F95600AA62DB /* XFYTVShow.h */ = {isa = PBXFileReference; fileEncoding = 4; lastKnownFileType = sourcecode.c.h; path = XFYTVShow.h; sourceTree = "<group>"; };
		78ED917C1D90F95600AA62DB /* XFYTVShow.m */ = {isa = PBXFileReference; fileEncoding = 4; lastKnownFileType = sourcecode.c.objc; path = XFYTVShow.m; sourceTree = "<group>"; };
		78ED917E1D90FC1700AA62DB /* XFYTVShowEpisode.h */ = {isa = PBXFileReference; fileEncoding = 4; lastKnownFileType = sourcecode.c.h; path = XFYTVShowEpisode.h; sourceTree = "<group>"; };
		78ED917F1D90FC1700AA62DB /* XFYTVShowEpisode.m */ = {isa = PBXFileReference; fileEncoding = 4; lastKnownFileType = sourcecode.c.objc; path = XFYTVShowEpisode.m; sourceTree = "<group>"; };
		78ED91811D919C3A00AA62DB /* XFYTVListingDetailsViewController.h */ = {isa = PBXFileReference; fileEncoding = 4; lastKnownFileType = sourcecode.c.h; path = XFYTVListingDetailsViewController.h; sourceTree = "<group>"; };
		78ED91821D919C3A00AA62DB /* XFYTVListingDetailsViewController.m */ = {isa = PBXFileReference; fileEncoding = 4; lastKnownFileType = sourcecode.c.objc; path = XFYTVListingDetailsViewController.m; sourceTree = "<group>"; };
/* End PBXFileReference section */

/* Begin PBXFrameworksBuildPhase section */
		78ED91531D90CCD000AA62DB /* Frameworks */ = {
			isa = PBXFrameworksBuildPhase;
			buildActionMask = 2147483647;
			files = (
			);
			runOnlyForDeploymentPostprocessing = 0;
		};
/* End PBXFrameworksBuildPhase section */

/* Begin PBXGroup section */
		78ED914D1D90CCCF00AA62DB = {
			isa = PBXGroup;
			children = (
				78ED91581D90CCD000AA62DB /* XfinityTVListings */,
				78ED91571D90CCD000AA62DB /* Products */,
			);
			sourceTree = "<group>";
		};
		78ED91571D90CCD000AA62DB /* Products */ = {
			isa = PBXGroup;
			children = (
				78ED91561D90CCD000AA62DB /* XfinityTVListings.app */,
			);
			name = Products;
			sourceTree = "<group>";
		};
		78ED91581D90CCD000AA62DB /* XfinityTVListings */ = {
			isa = PBXGroup;
			children = (
				78ED915C1D90CCD000AA62DB /* AppDelegate.h */,
				78ED915D1D90CCD000AA62DB /* AppDelegate.m */,
				78ED91651D90CCD000AA62DB /* placeholderArt */,
				78ED916A1D90CCD000AA62DB /* Info.plist */,
				78ED91761D90DA3000AA62DB /* Main.storyboard */,
				78ED91591D90CCD000AA62DB /* Supporting Files */,
				78ED91701D90D05B00AA62DB /* XFYTVGoAPI.h */,
				78ED91711D90D05B00AA62DB /* XFYTVGoAPI.m */,
				78ED91731D90D48200AA62DB /* XFYTVGoTableViewController.h */,
				78ED91741D90D48200AA62DB /* XFYTVGoTableViewController.m */,
				78ED91781D90EC3700AA62DB /* XFYTVNetwork.h */,
				78ED91791D90EC3700AA62DB /* XFYTVNetwork.m */,
				78ED917B1D90F95600AA62DB /* XFYTVShow.h */,
				78ED917C1D90F95600AA62DB /* XFYTVShow.m */,
				78ED917E1D90FC1700AA62DB /* XFYTVShowEpisode.h */,
				78ED917F1D90FC1700AA62DB /* XFYTVShowEpisode.m */,
				78ED91811D919C3A00AA62DB /* XFYTVListingDetailsViewController.h */,
				78ED91821D919C3A00AA62DB /* XFYTVListingDetailsViewController.m */,
			);
			path = XfinityTVListings;
			sourceTree = "<group>";
		};
		78ED91591D90CCD000AA62DB /* Supporting Files */ = {
			isa = PBXGroup;
			children = (
				78ED915A1D90CCD000AA62DB /* main.m */,
			);
			name = "Supporting Files";
			sourceTree = "<group>";
		};
/* End PBXGroup section */

/* Begin PBXNativeTarget section */
		78ED91551D90CCD000AA62DB /* XfinityTVListings */ = {
			isa = PBXNativeTarget;
			buildConfigurationList = 78ED916D1D90CCD000AA62DB /* Build configuration list for PBXNativeTarget "XfinityTVListings" */;
			buildPhases = (
				78ED91521D90CCD000AA62DB /* Sources */,
				78ED91531D90CCD000AA62DB /* Frameworks */,
				78ED91541D90CCD000AA62DB /* Resources */,
			);
			buildRules = (
			);
			dependencies = (
			);
			name = XfinityTVListings;
			productName = XfinityTVListings;
			productReference = 78ED91561D90CCD000AA62DB /* XfinityTVListings.app */;
			productType = "com.apple.product-type.application";
		};
/* End PBXNativeTarget section */

/* Begin PBXProject section */
		78ED914E1D90CCCF00AA62DB /* Project object */ = {
			isa = PBXProject;
			attributes = {
				LastUpgradeCheck = 0800;
				ORGANIZATIONNAME = Comcast;
				TargetAttributes = {
					78ED91551D90CCD000AA62DB = {
						CreatedOnToolsVersion = 8.0;
						ProvisioningStyle = Automatic;
					};
				};
			};
			buildConfigurationList = 78ED91511D90CCCF00AA62DB /* Build configuration list for PBXProject "XfinityTVListings" */;
			compatibilityVersion = "Xcode 3.2";
			developmentRegion = English;
			hasScannedForEncodings = 0;
			knownRegions = (
				en,
				Base,
			);
			mainGroup = 78ED914D1D90CCCF00AA62DB;
			productRefGroup = 78ED91571D90CCD000AA62DB /* Products */;
			projectDirPath = "";
			projectRoot = "";
			targets = (
				78ED91551D90CCD000AA62DB /* XfinityTVListings */,
			);
		};
/* End PBXProject section */

/* Begin PBXResourcesBuildPhase section */
		78ED91541D90CCD000AA62DB /* Resources */ = {
			isa = PBXResourcesBuildPhase;
			buildActionMask = 2147483647;
			files = (
				78ED91661D90CCD000AA62DB /* placeholderArt in Resources */,
				78ED91771D90DA3000AA62DB /* Main.storyboard in Resources */,
			);
			runOnlyForDeploymentPostprocessing = 0;
		};
/* End PBXResourcesBuildPhase section */

/* Begin PBXSourcesBuildPhase section */
		78ED91521D90CCD000AA62DB /* Sources */ = {
			isa = PBXSourcesBuildPhase;
			buildActionMask = 2147483647;
			files = (
				78ED91721D90D05B00AA62DB /* XFYTVGoAPI.m in Sources */,
				78ED917A1D90EC3700AA62DB /* XFYTVNetwork.m in Sources */,
				78ED917D1D90F95600AA62DB /* XFYTVShow.m in Sources */,
				78ED91751D90D48200AA62DB /* XFYTVGoTableViewController.m in Sources */,
				78ED915E1D90CCD000AA62DB /* AppDelegate.m in Sources */,
				78ED91801D90FC1700AA62DB /* XFYTVShowEpisode.m in Sources */,
				78ED91831D919C3A00AA62DB /* XFYTVListingDetailsViewController.m in Sources */,
				78ED915B1D90CCD000AA62DB /* main.m in Sources */,
			);
			runOnlyForDeploymentPostprocessing = 0;
		};
/* End PBXSourcesBuildPhase section */

/* Begin XCBuildConfiguration section */
		78ED916B1D90CCD000AA62DB /* Debug */ = {
			isa = XCBuildConfiguration;
			buildSettings = {
				ALWAYS_SEARCH_USER_PATHS = NO;
				CLANG_ANALYZER_NONNULL = YES;
				CLANG_CXX_LANGUAGE_STANDARD = "gnu++0x";
				CLANG_CXX_LIBRARY = "libc++";
				CLANG_ENABLE_MODULES = YES;
				CLANG_ENABLE_OBJC_ARC = YES;
				CLANG_WARN_BOOL_CONVERSION = YES;
				CLANG_WARN_CONSTANT_CONVERSION = YES;
				CLANG_WARN_DIRECT_OBJC_ISA_USAGE = YES_ERROR;
				CLANG_WARN_DOCUMENTATION_COMMENTS = YES;
				CLANG_WARN_EMPTY_BODY = YES;
				CLANG_WARN_ENUM_CONVERSION = YES;
				CLANG_WARN_INFINITE_RECURSION = YES;
				CLANG_WARN_INT_CONVERSION = YES;
				CLANG_WARN_OBJC_ROOT_CLASS = YES_ERROR;
				CLANG_WARN_SUSPICIOUS_MOVES = YES;
				CLANG_WARN_UNREACHABLE_CODE = YES;
				CLANG_WARN__DUPLICATE_METHOD_MATCH = YES;
				"CODE_SIGN_IDENTITY[sdk=iphoneos*]" = "iPhone Developer";
				COPY_PHASE_STRIP = NO;
				DEBUG_INFORMATION_FORMAT = dwarf;
				ENABLE_STRICT_OBJC_MSGSEND = YES;
				ENABLE_TESTABILITY = YES;
				GCC_C_LANGUAGE_STANDARD = gnu99;
				GCC_DYNAMIC_NO_PIC = NO;
				GCC_NO_COMMON_BLOCKS = YES;
				GCC_OPTIMIZATION_LEVEL = 0;
				GCC_PREPROCESSOR_DEFINITIONS = (
					"DEBUG=1",
					"$(inherited)",
				);
				GCC_WARN_64_TO_32_BIT_CONVERSION = YES;
				GCC_WARN_ABOUT_RETURN_TYPE = YES_ERROR;
				GCC_WARN_UNDECLARED_SELECTOR = YES;
				GCC_WARN_UNINITIALIZED_AUTOS = YES_AGGRESSIVE;
				GCC_WARN_UNUSED_FUNCTION = YES;
				GCC_WARN_UNUSED_VARIABLE = YES;
				IPHONEOS_DEPLOYMENT_TARGET = 8.0;
				MTL_ENABLE_DEBUG_INFO = YES;
				ONLY_ACTIVE_ARCH = YES;
				SDKROOT = iphoneos;
				TARGETED_DEVICE_FAMILY = "1,2";
			};
			name = Debug;
		};
		78ED916C1D90CCD000AA62DB /* Release */ = {
			isa = XCBuildConfiguration;
			buildSettings = {
				ALWAYS_SEARCH_USER_PATHS = NO;
				CLANG_ANALYZER_NONNULL = YES;
				CLANG_CXX_LANGUAGE_STANDARD = "gnu++0x";
				CLANG_CXX_LIBRARY = "libc++";
				CLANG_ENABLE_MODULES = YES;
				CLANG_ENABLE_OBJC_ARC = YES;
				CLANG_WARN_BOOL_CONVERSION = YES;
				CLANG_WARN_CONSTANT_CONVERSION = YES;
				CLANG_WARN_DIRECT_OBJC_ISA_USAGE = YES_ERROR;
				CLANG_WARN_DOCUMENTATION_COMMENTS = YES;
				CLANG_WARN_EMPTY_BODY = YES;
				CLANG_WARN_ENUM_CONVERSION = YES;
				CLANG_WARN_INFINITE_RECURSION = YES;
				CLANG_WARN_INT_CONVERSION = YES;
				CLANG_WARN_OBJC_ROOT_CLASS = YES_ERROR;
				CLANG_WARN_SUSPICIOUS_MOVES = YES;
				CLANG_WARN_UNREACHABLE_CODE = YES;
				CLANG_WARN__DUPLICATE_METHOD_MATCH = YES;
				"CODE_SIGN_IDENTITY[sdk=iphoneos*]" = "iPhone Developer";
				COPY_PHASE_STRIP = NO;
				DEBUG_INFORMATION_FORMAT = "dwarf-with-dsym";
				ENABLE_NS_ASSERTIONS = NO;
				ENABLE_STRICT_OBJC_MSGSEND = YES;
				GCC_C_LANGUAGE_STANDARD = gnu99;
				GCC_NO_COMMON_BLOCKS = YES;
				GCC_WARN_64_TO_32_BIT_CONVERSION = YES;
				GCC_WARN_ABOUT_RETURN_TYPE = YES_ERROR;
				GCC_WARN_UNDECLARED_SELECTOR = YES;
				GCC_WARN_UNINITIALIZED_AUTOS = YES_AGGRESSIVE;
				GCC_WARN_UNUSED_FUNCTION = YES;
				GCC_WARN_UNUSED_VARIABLE = YES;
				IPHONEOS_DEPLOYMENT_TARGET = 8.0;
				MTL_ENABLE_DEBUG_INFO = NO;
				SDKROOT = iphoneos;
				TARGETED_DEVICE_FAMILY = "1,2";
				VALIDATE_PRODUCT = YES;
			};
			name = Release;
		};
		78ED916E1D90CCD000AA62DB /* Debug */ = {
			isa = XCBuildConfiguration;
			buildSettings = {
				ASSETCATALOG_COMPILER_APPICON_NAME = AppIcon;
				INFOPLIST_FILE = XfinityTVListings/Info.plist;
				LD_RUNPATH_SEARCH_PATHS = "$(inherited) @executable_path/Frameworks";
				PRODUCT_BUNDLE_IDENTIFIER = com.brendonlavernia.XfinityTVListings;
				PRODUCT_NAME = "$(TARGET_NAME)";
			};
			name = Debug;
		};
		78ED916F1D90CCD000AA62DB /* Release */ = {
			isa = XCBuildConfiguration;
			buildSettings = {
				ASSETCATALOG_COMPILER_APPICON_NAME = AppIcon;
				INFOPLIST_FILE = XfinityTVListings/Info.plist;
				LD_RUNPATH_SEARCH_PATHS = "$(inherited) @executable_path/Frameworks";
				PRODUCT_BUNDLE_IDENTIFIER = com.brendonlavernia.XfinityTVListings;
				PRODUCT_NAME = "$(TARGET_NAME)";
			};
			name = Release;
		};
/* End XCBuildConfiguration section */

/* Begin XCConfigurationList section */
		78ED91511D90CCCF00AA62DB /* Build configuration list for PBXProject "XfinityTVListings" */ = {
			isa = XCConfigurationList;
			buildConfigurations = (
				78ED916B1D90CCD000AA62DB /* Debug */,
				78ED916C1D90CCD000AA62DB /* Release */,
			);
			defaultConfigurationIsVisible = 0;
			defaultConfigurationName = Release;
		};
		78ED916D1D90CCD000AA62DB /* Build configuration list for PBXNativeTarget "XfinityTVListings" */ = {
			isa = XCConfigurationList;
			buildConfigurations = (
				78ED916E1D90CCD000AA62DB /* Debug */,
				78ED916F1D90CCD000AA62DB /* Release */,
			);
			defaultConfigurationIsVisible = 0;
		};
/* End XCConfigurationList section */
	};
	rootObject = 78ED914E1D90CCCF00AA62DB /* Project object */;
}
